// !$*UTF8*$!
{
	archiveVersion = 1;
	classes = {
	};
	objectVersion = 46;
	objects = {

/* Begin PBXBuildFile section */
		DCE69DBD1527A61600971204 /* UIKit.framework in Frameworks */ = {isa = PBXBuildFile; fileRef = DCE69DBC1527A61600971204 /* UIKit.framework */; };
		DCE69DBF1527A61600971204 /* Foundation.framework in Frameworks */ = {isa = PBXBuildFile; fileRef = DCE69DBE1527A61600971204 /* Foundation.framework */; };
		DCE69DC11527A61600971204 /* CoreGraphics.framework in Frameworks */ = {isa = PBXBuildFile; fileRef = DCE69DC01527A61600971204 /* CoreGraphics.framework */; };
		DCE69DC71527A61600971204 /* InfoPlist.strings in Resources */ = {isa = PBXBuildFile; fileRef = DCE69DC51527A61600971204 /* InfoPlist.strings */; };
		DCE69DC91527A61600971204 /* main.m in Sources */ = {isa = PBXBuildFile; fileRef = DCE69DC81527A61600971204 /* main.m */; };
		DCE69DCD1527A61600971204 /* AppDelegate.m in Sources */ = {isa = PBXBuildFile; fileRef = DCE69DCC1527A61600971204 /* AppDelegate.m */; };
		DCE69DD01527A61600971204 /* RootViewController.m in Sources */ = {isa = PBXBuildFile; fileRef = DCE69DCF1527A61600971204 /* RootViewController.m */; };
		DCE69DD31527A61600971204 /* DataViewController.m in Sources */ = {isa = PBXBuildFile; fileRef = DCE69DD21527A61600971204 /* DataViewController.m */; };
		DCE69DD61527A61600971204 /* ModelController.m in Sources */ = {isa = PBXBuildFile; fileRef = DCE69DD51527A61600971204 /* ModelController.m */; };
		DCE69DD91527A61600971204 /* MainStoryboard.storyboard in Resources */ = {isa = PBXBuildFile; fileRef = DCE69DD71527A61600971204 /* MainStoryboard.storyboard */; };
		DCE69DE11527A65500971204 /* Default-Landscape@2x~ipad.png in Resources */ = {isa = PBXBuildFile; fileRef = DCE69DDF1527A65500971204 /* Default-Landscape@2x~ipad.png */; };
		DCE69DE21527A65500971204 /* Default-Landscape~ipad.png in Resources */ = {isa = PBXBuildFile; fileRef = DCE69DE01527A65500971204 /* Default-Landscape~ipad.png */; };
		DCE69DF91527A66F00971204 /* 01-Intro.png in Resources */ = {isa = PBXBuildFile; fileRef = DCE69DE41527A66F00971204 /* 01-Intro.png */; };
		DCE69DFA1527A66F00971204 /* 01-Intro@2x.png in Resources */ = {isa = PBXBuildFile; fileRef = DCE69DE51527A66F00971204 /* 01-Intro@2x.png */; };
		DCE69DFB1527A66F00971204 /* 02-Pick.png in Resources */ = {isa = PBXBuildFile; fileRef = DCE69DE61527A66F00971204 /* 02-Pick.png */; };
		DCE69DFC1527A66F00971204 /* 02-Pick@2x.png in Resources */ = {isa = PBXBuildFile; fileRef = DCE69DE71527A66F00971204 /* 02-Pick@2x.png */; };
		DCE69DFD1527A66F00971204 /* 1-Aspect-1.png in Resources */ = {isa = PBXBuildFile; fileRef = DCE69DE81527A66F00971204 /* 1-Aspect-1.png */; };
		DCE69DFE1527A66F00971204 /* 1-Aspect-1@2x.png in Resources */ = {isa = PBXBuildFile; fileRef = DCE69DE91527A66F00971204 /* 1-Aspect-1@2x.png */; };
		DCE69DFF1527A66F00971204 /* 1-Aspect-2.png in Resources */ = {isa = PBXBuildFile; fileRef = DCE69DEA1527A66F00971204 /* 1-Aspect-2.png */; };
		DCE69E001527A66F00971204 /* 1-Aspect-2@2x.png in Resources */ = {isa = PBXBuildFile; fileRef = DCE69DEB1527A66F00971204 /* 1-Aspect-2@2x.png */; };
		DCE69E011527A66F00971204 /* 2-Aspect-1.png in Resources */ = {isa = PBXBuildFile; fileRef = DCE69DEC1527A66F00971204 /* 2-Aspect-1.png */; };
		DCE69E021527A66F00971204 /* 2-Aspect-1@2x.png in Resources */ = {isa = PBXBuildFile; fileRef = DCE69DED1527A66F00971204 /* 2-Aspect-1@2x.png */; };
		DCE69E031527A66F00971204 /* 2-Aspect-2.png in Resources */ = {isa = PBXBuildFile; fileRef = DCE69DEE1527A66F00971204 /* 2-Aspect-2.png */; };
		DCE69E041527A66F00971204 /* 2-Aspect-2@2x.png in Resources */ = {isa = PBXBuildFile; fileRef = DCE69DEF1527A66F00971204 /* 2-Aspect-2@2x.png */; };
		DCE69E051527A66F00971204 /* 3-Aspect-1.png in Resources */ = {isa = PBXBuildFile; fileRef = DCE69DF01527A66F00971204 /* 3-Aspect-1.png */; };
		DCE69E061527A66F00971204 /* 3-Aspect-1@2x.png in Resources */ = {isa = PBXBuildFile; fileRef = DCE69DF11527A66F00971204 /* 3-Aspect-1@2x.png */; };
		DCE69E071527A66F00971204 /* 3-Aspect-2.png in Resources */ = {isa = PBXBuildFile; fileRef = DCE69DF21527A66F00971204 /* 3-Aspect-2.png */; };
		DCE69E081527A66F00971204 /* 3-Aspect-2@2x.png in Resources */ = {isa = PBXBuildFile; fileRef = DCE69DF31527A66F00971204 /* 3-Aspect-2@2x.png */; };
		DCE69E091527A66F00971204 /* 4-Aspect-1.png in Resources */ = {isa = PBXBuildFile; fileRef = DCE69DF41527A66F00971204 /* 4-Aspect-1.png */; };
		DCE69E0A1527A66F00971204 /* 4-Aspect-1@2x.png in Resources */ = {isa = PBXBuildFile; fileRef = DCE69DF51527A66F00971204 /* 4-Aspect-1@2x.png */; };
		DCE69E0B1527A66F00971204 /* 4-Aspect-2.png in Resources */ = {isa = PBXBuildFile; fileRef = DCE69DF61527A66F00971204 /* 4-Aspect-2.png */; };
		DCE69E0C1527A66F00971204 /* 4-Aspect-2@2x.png in Resources */ = {isa = PBXBuildFile; fileRef = DCE69DF71527A66F00971204 /* 4-Aspect-2@2x.png */; };
		DCE69E0D1527A66F00971204 /* LetsGoCloud.png in Resources */ = {isa = PBXBuildFile; fileRef = DCE69DF81527A66F00971204 /* LetsGoCloud.png */; };
		DCE69E101527A69A00971204 /* ModelPageData.m in Sources */ = {isa = PBXBuildFile; fileRef = DCE69E0F1527A68D00971204 /* ModelPageData.m */; };
/* End PBXBuildFile section */

/* Begin PBXFileReference section */
		DCE69DB81527A61600971204 /* futureTravel.app */ = {isa = PBXFileReference; explicitFileType = wrapper.application; includeInIndex = 0; path = futureTravel.app; sourceTree = BUILT_PRODUCTS_DIR; };
		DCE69DBC1527A61600971204 /* UIKit.framework */ = {isa = PBXFileReference; lastKnownFileType = wrapper.framework; name = UIKit.framework; path = System/Library/Frameworks/UIKit.framework; sourceTree = SDKROOT; };
		DCE69DBE1527A61600971204 /* Foundation.framework */ = {isa = PBXFileReference; lastKnownFileType = wrapper.framework; name = Foundation.framework; path = System/Library/Frameworks/Foundation.framework; sourceTree = SDKROOT; };
		DCE69DC01527A61600971204 /* CoreGraphics.framework */ = {isa = PBXFileReference; lastKnownFileType = wrapper.framework; name = CoreGraphics.framework; path = System/Library/Frameworks/CoreGraphics.framework; sourceTree = SDKROOT; };
		DCE69DC41527A61600971204 /* futureTravel-Info.plist */ = {isa = PBXFileReference; lastKnownFileType = text.plist.xml; path = "futureTravel-Info.plist"; sourceTree = "<group>"; };
		DCE69DC61527A61600971204 /* en */ = {isa = PBXFileReference; lastKnownFileType = text.plist.strings; name = en; path = en.lproj/InfoPlist.strings; sourceTree = "<group>"; };
		DCE69DC81527A61600971204 /* main.m */ = {isa = PBXFileReference; lastKnownFileType = sourcecode.c.objc; path = main.m; sourceTree = "<group>"; };
		DCE69DCA1527A61600971204 /* futureTravel-Prefix.pch */ = {isa = PBXFileReference; lastKnownFileType = sourcecode.c.h; path = "futureTravel-Prefix.pch"; sourceTree = "<group>"; };
		DCE69DCB1527A61600971204 /* AppDelegate.h */ = {isa = PBXFileReference; lastKnownFileType = sourcecode.c.h; path = AppDelegate.h; sourceTree = "<group>"; };
		DCE69DCC1527A61600971204 /* AppDelegate.m */ = {isa = PBXFileReference; lastKnownFileType = sourcecode.c.objc; path = AppDelegate.m; sourceTree = "<group>"; };
		DCE69DCE1527A61600971204 /* RootViewController.h */ = {isa = PBXFileReference; lastKnownFileType = sourcecode.c.h; path = RootViewController.h; sourceTree = "<group>"; };
		DCE69DCF1527A61600971204 /* RootViewController.m */ = {isa = PBXFileReference; lastKnownFileType = sourcecode.c.objc; path = RootViewController.m; sourceTree = "<group>"; };
		DCE69DD11527A61600971204 /* DataViewController.h */ = {isa = PBXFileReference; lastKnownFileType = sourcecode.c.h; path = DataViewController.h; sourceTree = "<group>"; };
		DCE69DD21527A61600971204 /* DataViewController.m */ = {isa = PBXFileReference; lastKnownFileType = sourcecode.c.objc; path = DataViewController.m; sourceTree = "<group>"; };
		DCE69DD41527A61600971204 /* ModelController.h */ = {isa = PBXFileReference; lastKnownFileType = sourcecode.c.h; path = ModelController.h; sourceTree = "<group>"; };
		DCE69DD51527A61600971204 /* ModelController.m */ = {isa = PBXFileReference; lastKnownFileType = sourcecode.c.objc; path = ModelController.m; sourceTree = "<group>"; };
		DCE69DD81527A61600971204 /* en */ = {isa = PBXFileReference; lastKnownFileType = file.storyboard; name = en; path = en.lproj/MainStoryboard.storyboard; sourceTree = "<group>"; };
		DCE69DDF1527A65500971204 /* Default-Landscape@2x~ipad.png */ = {isa = PBXFileReference; lastKnownFileType = image.png; path = "Default-Landscape@2x~ipad.png"; sourceTree = "<group>"; };
		DCE69DE01527A65500971204 /* Default-Landscape~ipad.png */ = {isa = PBXFileReference; lastKnownFileType = image.png; path = "Default-Landscape~ipad.png"; sourceTree = "<group>"; };
		DCE69DE41527A66F00971204 /* 01-Intro.png */ = {isa = PBXFileReference; lastKnownFileType = image.png; path = "01-Intro.png"; sourceTree = "<group>"; };
		DCE69DE51527A66F00971204 /* 01-Intro@2x.png */ = {isa = PBXFileReference; lastKnownFileType = image.png; path = "01-Intro@2x.png"; sourceTree = "<group>"; };
		DCE69DE61527A66F00971204 /* 02-Pick.png */ = {isa = PBXFileReference; lastKnownFileType = image.png; path = "02-Pick.png"; sourceTree = "<group>"; };
		DCE69DE71527A66F00971204 /* 02-Pick@2x.png */ = {isa = PBXFileReference; lastKnownFileType = image.png; path = "02-Pick@2x.png"; sourceTree = "<group>"; };
		DCE69DE81527A66F00971204 /* 1-Aspect-1.png */ = {isa = PBXFileReference; lastKnownFileType = image.png; path = "1-Aspect-1.png"; sourceTree = "<group>"; };
		DCE69DE91527A66F00971204 /* 1-Aspect-1@2x.png */ = {isa = PBXFileReference; lastKnownFileType = image.png; path = "1-Aspect-1@2x.png"; sourceTree = "<group>"; };
		DCE69DEA1527A66F00971204 /* 1-Aspect-2.png */ = {isa = PBXFileReference; lastKnownFileType = image.png; path = "1-Aspect-2.png"; sourceTree = "<group>"; };
		DCE69DEB1527A66F00971204 /* 1-Aspect-2@2x.png */ = {isa = PBXFileReference; lastKnownFileType = image.png; path = "1-Aspect-2@2x.png"; sourceTree = "<group>"; };
		DCE69DEC1527A66F00971204 /* 2-Aspect-1.png */ = {isa = PBXFileReference; lastKnownFileType = image.png; path = "2-Aspect-1.png"; sourceTree = "<group>"; };
		DCE69DED1527A66F00971204 /* 2-Aspect-1@2x.png */ = {isa = PBXFileReference; lastKnownFileType = image.png; path = "2-Aspect-1@2x.png"; sourceTree = "<group>"; };
		DCE69DEE1527A66F00971204 /* 2-Aspect-2.png */ = {isa = PBXFileReference; lastKnownFileType = image.png; path = "2-Aspect-2.png"; sourceTree = "<group>"; };
		DCE69DEF1527A66F00971204 /* 2-Aspect-2@2x.png */ = {isa = PBXFileReference; lastKnownFileType = image.png; path = "2-Aspect-2@2x.png"; sourceTree = "<group>"; };
		DCE69DF01527A66F00971204 /* 3-Aspect-1.png */ = {isa = PBXFileReference; lastKnownFileType = image.png; path = "3-Aspect-1.png"; sourceTree = "<group>"; };
		DCE69DF11527A66F00971204 /* 3-Aspect-1@2x.png */ = {isa = PBXFileReference; lastKnownFileType = image.png; path = "3-Aspect-1@2x.png"; sourceTree = "<group>"; };
		DCE69DF21527A66F00971204 /* 3-Aspect-2.png */ = {isa = PBXFileReference; lastKnownFileType = image.png; path = "3-Aspect-2.png"; sourceTree = "<group>"; };
		DCE69DF31527A66F00971204 /* 3-Aspect-2@2x.png */ = {isa = PBXFileReference; lastKnownFileType = image.png; path = "3-Aspect-2@2x.png"; sourceTree = "<group>"; };
		DCE69DF41527A66F00971204 /* 4-Aspect-1.png */ = {isa = PBXFileReference; lastKnownFileType = image.png; path = "4-Aspect-1.png"; sourceTree = "<group>"; };
		DCE69DF51527A66F00971204 /* 4-Aspect-1@2x.png */ = {isa = PBXFileReference; lastKnownFileType = image.png; path = "4-Aspect-1@2x.png"; sourceTree = "<group>"; };
		DCE69DF61527A66F00971204 /* 4-Aspect-2.png */ = {isa = PBXFileReference; lastKnownFileType = image.png; path = "4-Aspect-2.png"; sourceTree = "<group>"; };
		DCE69DF71527A66F00971204 /* 4-Aspect-2@2x.png */ = {isa = PBXFileReference; lastKnownFileType = image.png; path = "4-Aspect-2@2x.png"; sourceTree = "<group>"; };
		DCE69DF81527A66F00971204 /* LetsGoCloud.png */ = {isa = PBXFileReference; lastKnownFileType = image.png; path = LetsGoCloud.png; sourceTree = "<group>"; };
		DCE69E0E1527A68D00971204 /* ModelPageData.h */ = {isa = PBXFileReference; lastKnownFileType = sourcecode.c.h; path = ModelPageData.h; sourceTree = "<group>"; };
		DCE69E0F1527A68D00971204 /* ModelPageData.m */ = {isa = PBXFileReference; lastKnownFileType = sourcecode.c.objc; path = ModelPageData.m; sourceTree = "<group>"; };
/* End PBXFileReference section */

/* Begin PBXFrameworksBuildPhase section */
		DCE69DB51527A61600971204 /* Frameworks */ = {
			isa = PBXFrameworksBuildPhase;
			buildActionMask = 2147483647;
			files = (
				DCE69DBD1527A61600971204 /* UIKit.framework in Frameworks */,
				DCE69DBF1527A61600971204 /* Foundation.framework in Frameworks */,
				DCE69DC11527A61600971204 /* CoreGraphics.framework in Frameworks */,
			);
			runOnlyForDeploymentPostprocessing = 0;
		};
/* End PBXFrameworksBuildPhase section */

/* Begin PBXGroup section */
		DCE69DAD1527A61600971204 = {
			isa = PBXGroup;
			children = (
				DCE69DDF1527A65500971204 /* Default-Landscape@2x~ipad.png */,
				DCE69DE01527A65500971204 /* Default-Landscape~ipad.png */,
				DCE69DC21527A61600971204 /* futureTravel */,
				DCE69DBB1527A61600971204 /* Frameworks */,
				DCE69DB91527A61600971204 /* Products */,
			);
			sourceTree = "<group>";
		};
		DCE69DB91527A61600971204 /* Products */ = {
			isa = PBXGroup;
			children = (
				DCE69DB81527A61600971204 /* futureTravel.app */,
			);
			name = Products;
			sourceTree = "<group>";
		};
		DCE69DBB1527A61600971204 /* Frameworks */ = {
			isa = PBXGroup;
			children = (
				DCE69DBC1527A61600971204 /* UIKit.framework */,
				DCE69DBE1527A61600971204 /* Foundation.framework */,
				DCE69DC01527A61600971204 /* CoreGraphics.framework */,
			);
			name = Frameworks;
			sourceTree = "<group>";
		};
		DCE69DC21527A61600971204 /* futureTravel */ = {
			isa = PBXGroup;
			children = (
				DCE69DCB1527A61600971204 /* AppDelegate.h */,
				DCE69DCC1527A61600971204 /* AppDelegate.m */,
				DCE69DCE1527A61600971204 /* RootViewController.h */,
				DCE69DCF1527A61600971204 /* RootViewController.m */,
				DCE69DD11527A61600971204 /* DataViewController.h */,
				DCE69DD21527A61600971204 /* DataViewController.m */,
				DCE69DD41527A61600971204 /* ModelController.h */,
				DCE69DD51527A61600971204 /* ModelController.m */,
				DCE69DD71527A61600971204 /* MainStoryboard.storyboard */,
				DCE69E0E1527A68D00971204 /* ModelPageData.h */,
				DCE69E0F1527A68D00971204 /* ModelPageData.m */,
				DCE69DC31527A61600971204 /* Supporting Files */,
			);
			path = futureTravel;
			sourceTree = "<group>";
		};
		DCE69DC31527A61600971204 /* Supporting Files */ = {
			isa = PBXGroup;
			children = (
				DCE69DE31527A66F00971204 /* Images */,
				DCE69DC41527A61600971204 /* futureTravel-Info.plist */,
				DCE69DC51527A61600971204 /* InfoPlist.strings */,
				DCE69DC81527A61600971204 /* main.m */,
				DCE69DCA1527A61600971204 /* futureTravel-Prefix.pch */,
			);
			name = "Supporting Files";
			sourceTree = "<group>";
		};
		DCE69DE31527A66F00971204 /* Images */ = {
			isa = PBXGroup;
			children = (
				DCE69DE41527A66F00971204 /* 01-Intro.png */,
				DCE69DE51527A66F00971204 /* 01-Intro@2x.png */,
				DCE69DE61527A66F00971204 /* 02-Pick.png */,
				DCE69DE71527A66F00971204 /* 02-Pick@2x.png */,
				DCE69DE81527A66F00971204 /* 1-Aspect-1.png */,
				DCE69DE91527A66F00971204 /* 1-Aspect-1@2x.png */,
				DCE69DEA1527A66F00971204 /* 1-Aspect-2.png */,
				DCE69DEB1527A66F00971204 /* 1-Aspect-2@2x.png */,
				DCE69DEC1527A66F00971204 /* 2-Aspect-1.png */,
				DCE69DED1527A66F00971204 /* 2-Aspect-1@2x.png */,
				DCE69DEE1527A66F00971204 /* 2-Aspect-2.png */,
				DCE69DEF1527A66F00971204 /* 2-Aspect-2@2x.png */,
				DCE69DF01527A66F00971204 /* 3-Aspect-1.png */,
				DCE69DF11527A66F00971204 /* 3-Aspect-1@2x.png */,
				DCE69DF21527A66F00971204 /* 3-Aspect-2.png */,
				DCE69DF31527A66F00971204 /* 3-Aspect-2@2x.png */,
				DCE69DF41527A66F00971204 /* 4-Aspect-1.png */,
				DCE69DF51527A66F00971204 /* 4-Aspect-1@2x.png */,
				DCE69DF61527A66F00971204 /* 4-Aspect-2.png */,
				DCE69DF71527A66F00971204 /* 4-Aspect-2@2x.png */,
				DCE69DF81527A66F00971204 /* LetsGoCloud.png */,
			);
			path = Images;
			sourceTree = "<group>";
		};
/* End PBXGroup section */

/* Begin PBXNativeTarget section */
		DCE69DB71527A61600971204 /* futureTravel */ = {
			isa = PBXNativeTarget;
			buildConfigurationList = DCE69DDC1527A61600971204 /* Build configuration list for PBXNativeTarget "futureTravel" */;
			buildPhases = (
				DCE69DB41527A61600971204 /* Sources */,
				DCE69DB51527A61600971204 /* Frameworks */,
				DCE69DB61527A61600971204 /* Resources */,
			);
			buildRules = (
			);
			dependencies = (
			);
			name = futureTravel;
			productName = futureTravel;
			productReference = DCE69DB81527A61600971204 /* futureTravel.app */;
			productType = "com.apple.product-type.application";
		};
/* End PBXNativeTarget section */

/* Begin PBXProject section */
		DCE69DAF1527A61600971204 /* Project object */ = {
			isa = PBXProject;
			attributes = {
				LastUpgradeCheck = 0430;
				ORGANIZATIONNAME = "Iron Sheep Productions, LLC";
			};
			buildConfigurationList = DCE69DB21527A61600971204 /* Build configuration list for PBXProject "futureTravel" */;
			compatibilityVersion = "Xcode 3.2";
			developmentRegion = English;
			hasScannedForEncodings = 0;
			knownRegions = (
				en,
			);
			mainGroup = DCE69DAD1527A61600971204;
			productRefGroup = DCE69DB91527A61600971204 /* Products */;
			projectDirPath = "";
			projectRoot = "";
			targets = (
				DCE69DB71527A61600971204 /* futureTravel */,
			);
		};
/* End PBXProject section */

/* Begin PBXResourcesBuildPhase section */
		DCE69DB61527A61600971204 /* Resources */ = {
			isa = PBXResourcesBuildPhase;
			buildActionMask = 2147483647;
			files = (
				DCE69DC71527A61600971204 /* InfoPlist.strings in Resources */,
				DCE69DD91527A61600971204 /* MainStoryboard.storyboard in Resources */,
				DCE69DE11527A65500971204 /* Default-Landscape@2x~ipad.png in Resources */,
				DCE69DE21527A65500971204 /* Default-Landscape~ipad.png in Resources */,
				DCE69DF91527A66F00971204 /* 01-Intro.png in Resources */,
				DCE69DFA1527A66F00971204 /* 01-Intro@2x.png in Resources */,
				DCE69DFB1527A66F00971204 /* 02-Pick.png in Resources */,
				DCE69DFC1527A66F00971204 /* 02-Pick@2x.png in Resources */,
				DCE69DFD1527A66F00971204 /* 1-Aspect-1.png in Resources */,
				DCE69DFE1527A66F00971204 /* 1-Aspect-1@2x.png in Resources */,
				DCE69DFF1527A66F00971204 /* 1-Aspect-2.png in Resources */,
				DCE69E001527A66F00971204 /* 1-Aspect-2@2x.png in Resources */,
				DCE69E011527A66F00971204 /* 2-Aspect-1.png in Resources */,
				DCE69E021527A66F00971204 /* 2-Aspect-1@2x.png in Resources */,
				DCE69E031527A66F00971204 /* 2-Aspect-2.png in Resources */,
				DCE69E041527A66F00971204 /* 2-Aspect-2@2x.png in Resources */,
				DCE69E051527A66F00971204 /* 3-Aspect-1.png in Resources */,
				DCE69E061527A66F00971204 /* 3-Aspect-1@2x.png in Resources */,
				DCE69E071527A66F00971204 /* 3-Aspect-2.png in Resources */,
				DCE69E081527A66F00971204 /* 3-Aspect-2@2x.png in Resources */,
				DCE69E091527A66F00971204 /* 4-Aspect-1.png in Resources */,
				DCE69E0A1527A66F00971204 /* 4-Aspect-1@2x.png in Resources */,
				DCE69E0B1527A66F00971204 /* 4-Aspect-2.png in Resources */,
				DCE69E0C1527A66F00971204 /* 4-Aspect-2@2x.png in Resources */,
				DCE69E0D1527A66F00971204 /* LetsGoCloud.png in Resources */,
			);
			runOnlyForDeploymentPostprocessing = 0;
		};
/* End PBXResourcesBuildPhase section */

/* Begin PBXSourcesBuildPhase section */
		DCE69DB41527A61600971204 /* Sources */ = {
			isa = PBXSourcesBuildPhase;
			buildActionMask = 2147483647;
			files = (
				DCE69E101527A69A00971204 /* ModelPageData.m in Sources */,
				DCE69DC91527A61600971204 /* main.m in Sources */,
				DCE69DCD1527A61600971204 /* AppDelegate.m in Sources */,
				DCE69DD01527A61600971204 /* RootViewController.m in Sources */,
				DCE69DD31527A61600971204 /* DataViewController.m in Sources */,
				DCE69DD61527A61600971204 /* ModelController.m in Sources */,
			);
			runOnlyForDeploymentPostprocessing = 0;
		};
/* End PBXSourcesBuildPhase section */

/* Begin PBXVariantGroup section */
		DCE69DC51527A61600971204 /* InfoPlist.strings */ = {
			isa = PBXVariantGroup;
			children = (
				DCE69DC61527A61600971204 /* en */,
			);
			name = InfoPlist.strings;
			sourceTree = "<group>";
		};
		DCE69DD71527A61600971204 /* MainStoryboard.storyboard */ = {
			isa = PBXVariantGroup;
			children = (
				DCE69DD81527A61600971204 /* en */,
			);
			name = MainStoryboard.storyboard;
			sourceTree = "<group>";
		};
/* End PBXVariantGroup section */

/* Begin XCBuildConfiguration section */
		DCE69DDA1527A61600971204 /* Debug */ = {
			isa = XCBuildConfiguration;
			buildSettings = {
				ALWAYS_SEARCH_USER_PATHS = NO;
				ARCHS = "$(ARCHS_STANDARD_32_BIT)";
				CLANG_ENABLE_OBJC_ARC = YES;
				"CODE_SIGN_IDENTITY[sdk=iphoneos*]" = "iPhone Developer";
				COPY_PHASE_STRIP = NO;
				GCC_C_LANGUAGE_STANDARD = gnu99;
				GCC_DYNAMIC_NO_PIC = NO;
				GCC_OPTIMIZATION_LEVEL = 0;
				GCC_PREPROCESSOR_DEFINITIONS = (
					"DEBUG=1",
					"$(inherited)",
				);
				GCC_SYMBOLS_PRIVATE_EXTERN = NO;
				GCC_VERSION = com.apple.compilers.llvm.clang.1_0;
				GCC_WARN_ABOUT_RETURN_TYPE = YES;
				GCC_WARN_UNINITIALIZED_AUTOS = YES;
				GCC_WARN_UNUSED_VARIABLE = YES;
				IPHONEOS_DEPLOYMENT_TARGET = 5.1;
				SDKROOT = iphoneos;
				TARGETED_DEVICE_FAMILY = 2;
			};
			name = Debug;
		};
		DCE69DDB1527A61600971204 /* Release */ = {
			isa = XCBuildConfiguration;
			buildSettings = {
				ALWAYS_SEARCH_USER_PATHS = NO;
				ARCHS = "$(ARCHS_STANDARD_32_BIT)";
				CLANG_ENABLE_OBJC_ARC = YES;
				"CODE_SIGN_IDENTITY[sdk=iphoneos*]" = "iPhone Developer";
				COPY_PHASE_STRIP = YES;
				GCC_C_LANGUAGE_STANDARD = gnu99;
				GCC_VERSION = com.apple.compilers.llvm.clang.1_0;
				GCC_WARN_ABOUT_RETURN_TYPE = YES;
				GCC_WARN_UNINITIALIZED_AUTOS = YES;
				GCC_WARN_UNUSED_VARIABLE = YES;
				IPHONEOS_DEPLOYMENT_TARGET = 5.1;
				OTHER_CFLAGS = "-DNS_BLOCK_ASSERTIONS=1";
				SDKROOT = iphoneos;
				TARGETED_DEVICE_FAMILY = 2;
				VALIDATE_PRODUCT = YES;
			};
			name = Release;
		};
		DCE69DDD1527A61600971204 /* Debug */ = {
			isa = XCBuildConfiguration;
			buildSettings = {
				GCC_PRECOMPILE_PREFIX_HEADER = YES;
				GCC_PREFIX_HEADER = "futureTravel/futureTravel-Prefix.pch";
				INFOPLIST_FILE = "futureTravel/futureTravel-Info.plist";
				PRODUCT_NAME = "$(TARGET_NAME)";
				WRAPPER_EXTENSION = app;
			};
			name = Debug;
		};
		DCE69DDE1527A61600971204 /* Release */ = {
			isa = XCBuildConfiguration;
			buildSettings = {
				GCC_PRECOMPILE_PREFIX_HEADER = YES;
				GCC_PREFIX_HEADER = "futureTravel/futureTravel-Prefix.pch";
				INFOPLIST_FILE = "futureTravel/futureTravel-Info.plist";
				PRODUCT_NAME = "$(TARGET_NAME)";
				WRAPPER_EXTENSION = app;
			};
			name = Release;
		};
/* End XCBuildConfiguration section */

/* Begin XCConfigurationList section */
		DCE69DB21527A61600971204 /* Build configuration list for PBXProject "futureTravel" */ = {
			isa = XCConfigurationList;
			buildConfigurations = (
				DCE69DDA1527A61600971204 /* Debug */,
				DCE69DDB1527A61600971204 /* Release */,
			);
			defaultConfigurationIsVisible = 0;
			defaultConfigurationName = Release;
		};
		DCE69DDC1527A61600971204 /* Build configuration list for PBXNativeTarget "futureTravel" */ = {
			isa = XCConfigurationList;
			buildConfigurations = (
				DCE69DDD1527A61600971204 /* Debug */,
				DCE69DDE1527A61600971204 /* Release */,
			);
			defaultConfigurationIsVisible = 0;
		};
/* End XCConfigurationList section */
	};
	rootObject = DCE69DAF1527A61600971204 /* Project object */;
}
